github.com/FlowerWrong/go-hostsfile v0.0.0-20180523020422-0a383d90e66a h1:k4YI/sQZxczSr76XlbnOkyOcNQkVQEru5uWrXNoQQFI=
github.com/FlowerWrong/go-hostsfile v0.0.0-20180523020422-0a383d90e66a/go.mod h1:PaTJKDjLdBoHBtvZcAK3TJm7p9ZzMT016SxuTt6IDkM=
github.com/FlowerWrong/gosocks v0.0.0-20180809101008-30cfc3c7536b h1:hoT/+LQrdbKbx0GbK8zKJ+tY4UhcusPmaA7PFwZ+bHE=
github.com/FlowerWrong/gosocks v0.0.0-20180809101008-30cfc3c7536b/go.mod h1:Uc2ULeNTGnqFgYCBeYbFmEHKB6zlvzy0dORe2Xyo3nM=
github.com/FlowerWrong/netstack v0.0.0-20180924044130-f14cad230d56 h1:DhoYnZ2+JCy3fBpeAnQ0oZQOoZeDK/bFHbNlwC6ZvHA=
github.com/FlowerWrong/netstack v0.0.0-20180924044130-f14cad230d56/go.mod h1:MRnLv6g93GPGc/KLesuc1p5C4mnHxteMfJad+QcLpBE=
github.com/FlowerWrong/proxy v0.0.0-20180818123321-496a08e8b4b1 h1:rzsVu3Pr+vzFWbVWgfsGnySQfUF6Wb0P2WCi8qo7WDs=
github.com/FlowerWrong/proxy v0.0.0-20180818123321-496a08e8b4b1/go.mod h1:JTv28HP353di7u4V2SAmKgBzywmNiaOPbPtgTiO+adw=
github.com/FlowerWrong/water v0.0.0-20180301012659-01a4eaa1f6f2 h1:oIdZDRjgb5cXOtrVTIOklvu5kEtQwvGeyHhhQCckA08=
github.com/FlowerWrong/water v0.0.0-20180301012659-01a4eaa1f6f2/go.mod h1:xrG5L7lq7T2DLnPr2frMnL906CNEoKRwLB+VYFhPq2w=
github.com/davecgh/go-spew v1.1.1 h1:vj9j/u1bqnvCEfJOwUhtlOARqs3+rkHYY13jYWTU97c=
github.com/davecgh/go-spew v1.1.1/go.mod h1:J7Y8YcW2NihsgmVo/mv3lAwl/skON4iLHjSsI+c5H38=
github.com/fatih/color v1.7.0 h1:DkWD4oS2D8LGGgTQ6IvwJJXSL5Vp2ffcQg58nFV38Ys=
github.com/fatih/color v1.7.0/go.mod h1:Zm6kSWBoL9eyXnKyktHP6abPY2pDugNf5KwzbycvMj4=
github.com/google/gopacket v1.1.15 h1:M6W3hwQXo5rq1wyhRByGhqOw0m9p+HWtUJ3Bj4/fT6E=
github.com/google/gopacket v1.1.15/go.mod h1:UCLx9mCmAwsVbn6qQl1WIEt2SO7Nd2fD0th1TBAsqBw=
github.com/mattn/go-colorable v0.0.9 h1:UVL0vNpWh04HeJXV0KLcaT7r06gOH2l4OW6ddYRUIY4=
github.com/mattn/go-colorable v0.0.9/go.mod h1:9vuHe8Xs5qXnSaW/c/ABM9alt+Vo+STaOChaDxuIBZU=
github.com/mattn/go-isatty v0.0.4 h1:bnP0vzxcAdeI1zdubAl5PjU6zsERjGZb7raWodagDYs=
github.com/mattn/go-isatty v0.0.4/go.mod h1:M+lRXTBqGeGNdLjl/ufCoiOlB5xdOkqRJdNxMWT7Zi4=
github.com/miekg/dns v1.0.13 h1:Y72t3Ody/fSEkLQOC49kG0ALF7b8ax2TouzPFgIT40E=
github.com/miekg/dns v1.0.13/go.mod h1:W1PPwlIAgtquWBMBEV9nkV9Cazfe8ScdGz/Lj7v3Nrg=
github.com/pmezard/go-difflib v1.0.0 h1:4DBwDE0NGyQoBHbLQYPwSUPoCMWR5BEzIk/f1lZbAQM=
github.com/pmezard/go-difflib v1.0.0/go.mod h1:iKH77koFhYxTK1pcRnkKkqfTogsbg7gZNVY4sRDYZ/4=
github.com/stretchr/testify v1.2.2 h1:bSDNvY7ZPG5RlJ8otE/7V6gMiyenm9RtJ7IUVIAoJ1w=
github.com/stretchr/testify v1.2.2/go.mod h1:a8OnRcib4nhh0OaRAV+Yts87kKdq0PP7pXfy6kDkUVs=
github.com/yl2chen/cidranger v0.0.0-20180214081945-928b519e5268 h1:lkoOjizoHqOcEFsvYGE5c8Ykdijjnd0R3r1yDYHzLno=
github.com/yl2chen/cidranger v0.0.0-20180214081945-928b519e5268/go.mod h1:mq0zhomp/G6rRTb0dvHWXRHr/2+Qgeq5hMXfJ670+i4=
golang.org/x/crypto v0.0.0-20181012144002-a92615f3c490 h1:va0qYsIOza3Nlf2IncFyOql4/3XUq3vfge/Ad64bhlM=
golang.org/x/crypto v0.0.0-20181012144002-a92615f3c490/go.mod h1:6SG95UA2DQfeDnfUPMdvaQW0Q7yPrPDi9nlGo2tz2b4=
golang.org/x/net v0.0.0-20181011144130-49bb7cea24b1 h1:Y/KGZSOdz/2r0WJ9Mkmz6NJBusp0kiNx1Cn82lzJQ6w=
golang.org/x/net v0.0.0-20181011144130-49bb7cea24b1/go.mod h1:mL1N/T3taQHkDXs73rZJwtUhF3w3ftmwwsq0BUmARs4=
golang.org/x/sys v0.0.0-20181011152604-fa43e7bc11ba h1:nZJIJPGow0Kf9bU9QTc1U6OXbs/7Hu4e+cNv+hxH+Zc=
golang.org/x/sys v0.0.0-20181011152604-fa43e7bc11ba/go.mod h1:STP8DvDyc/dI5b8T5hshtkjS+E42TnysNCUPdjciGhY=
gopkg.in/gcfg.v1 v1.2.3 h1:m8OOJ4ccYHnx2f4gQwpno8nAX5OGOh7RLaaz0pj3Ogs=
gopkg.in/gcfg.v1 v1.2.3/go.mod h1:yesOnuUOFQAhST5vPY4nbZsb/huCgGGXlipJsBn0b3o=
gopkg.in/warnings.v0 v0.1.2 h1:wFXVbFY8DY5/xOe1ECiWdKCzZlxgshcYVNkBHstARME=
gopkg.in/warnings.v0 v0.1.2/go.mod h1:jksf8JmL6Qr/oQM2OXTHunEvvTAsrWBLb6OOjuVWRNI=
